<Solution>
	<Folder Name="/.files/">
		<File Path=".editorconfig" />
		<File Path=".gitignore" />
		<File Path="license.md" />
		<File Path="readme.md" />
	</Folder>
	<Project Path="src/Azure.Monitor.Telemetry.csproj" />
	<Project Path="tests/Azure.Monitor.Telemetry.Tests.csproj" />
</Solution>
